
Microsoft Visual Studio Solution File, Format Version 12.00
# Visual Studio Version 16
VisualStudioVersion = 16.0.30907.101
MinimumVisualStudioVersion = 10.0.40219.1
Project("{FAE04EC0-301F-11D3-BF4B-00C04F79EFBC}") = "ClassMetotDemo.1", "ClassMetotDemo.1\ClassMetotDemo.1.csproj", "{A0D94CC5-B223-467F-9845-826765A601D0}"
EndProject
Global
	GlobalSection(SolutionConfigurationPlatforms) = preSolution
		Debug|Any CPU = Debug|Any CPU
		Release|Any CPU = Release|Any CPU
	EndGlobalSection
	GlobalSection(ProjectConfigurationPlatforms) = postSolution
		{A0D94CC5-B223-467F-9845-826765A601D0}.Debug|Any CPU.ActiveCfg = Debug|Any CPU
		{A0D94CC5-B223-467F-9845-826765A601D0}.Debug|Any CPU.Build.0 = Debug|Any CPU
		{A0D94CC5-B223-467F-9845-826765A601D0}.Release|Any CPU.ActiveCfg = Release|Any CPU
		{A0D94CC5-B223-467F-9845-826765A601D0}.Release|Any CPU.Build.0 = Release|Any CPU
	EndGlobalSection
	GlobalSection(SolutionProperties) = preSolution
		HideSolutionNode = FALSE
	EndGlobalSection
	GlobalSection(ExtensibilityGlobals) = postSolution
		SolutionGuid = {7D722AF3-832C-40A9-AC8A-1C41855E5311}
	EndGlobalSection
EndGlobal
